
Microsoft Visual Studio Solution File, Format Version 12.00
# Visual Studio Version 17
VisualStudioVersion = 17.9.34728.123
MinimumVisualStudioVersion = 10.0.40219.1
Project("{FAE04EC0-301F-11D3-BF4B-00C04F79EFBC}") = "CleanArchWithCQRSAndMediator.API", "CleanArchWithCQRSAndMediator.API\CleanArchWithCQRSAndMediator.API.csproj", "{FEDF338D-4BFE-4DA3-AE44-7B14CE90E4DA}"
EndProject
Project("{FAE04EC0-301F-11D3-BF4B-00C04F79EFBC}") = "CleanArchWithCQRSAndMediator.Domain", "CleanArchWithCQRSAndMediator.Domain\CleanArchWithCQRSAndMediator.Domain.csproj", "{C7F09622-A496-4C64-824F-9C43BD64016C}"
EndProject
Project("{FAE04EC0-301F-11D3-BF4B-00C04F79EFBC}") = "CleanArchWithCQRSAndMediator.Application", "CleanArchWithCQRSAndMediator.Application\CleanArchWithCQRSAndMediator.Application.csproj", "{43531A17-98CE-40F7-9223-1A2B08C94B61}"
EndProject
Project("{FAE04EC0-301F-11D3-BF4B-00C04F79EFBC}") = "CleanArchWithCQRSAndMediator.Infrastructure", "CleanArchWithCQRSAndMediator.Infrastructure\CleanArchWithCQRSAndMediator.Infrastructure.csproj", "{F6E0D689-FB70-45DF-9955-00BFD365388B}"
EndProject
Global
	GlobalSection(SolutionConfigurationPlatforms) = preSolution
		Debug|Any CPU = Debug|Any CPU
		Release|Any CPU = Release|Any CPU
	EndGlobalSection
	GlobalSection(ProjectConfigurationPlatforms) = postSolution
		{FEDF338D-4BFE-4DA3-AE44-7B14CE90E4DA}.Debug|Any CPU.ActiveCfg = Debug|Any CPU
		{FEDF338D-4BFE-4DA3-AE44-7B14CE90E4DA}.Debug|Any CPU.Build.0 = Debug|Any CPU
		{FEDF338D-4BFE-4DA3-AE44-7B14CE90E4DA}.Release|Any CPU.ActiveCfg = Release|Any CPU
		{FEDF338D-4BFE-4DA3-AE44-7B14CE90E4DA}.Release|Any CPU.Build.0 = Release|Any CPU
		{C7F09622-A496-4C64-824F-9C43BD64016C}.Debug|Any CPU.ActiveCfg = Debug|Any CPU
		{C7F09622-A496-4C64-824F-9C43BD64016C}.Debug|Any CPU.Build.0 = Debug|Any CPU
		{C7F09622-A496-4C64-824F-9C43BD64016C}.Release|Any CPU.ActiveCfg = Release|Any CPU
		{C7F09622-A496-4C64-824F-9C43BD64016C}.Release|Any CPU.Build.0 = Release|Any CPU
		{43531A17-98CE-40F7-9223-1A2B08C94B61}.Debug|Any CPU.ActiveCfg = Debug|Any CPU
		{43531A17-98CE-40F7-9223-1A2B08C94B61}.Debug|Any CPU.Build.0 = Debug|Any CPU
		{43531A17-98CE-40F7-9223-1A2B08C94B61}.Release|Any CPU.ActiveCfg = Release|Any CPU
		{43531A17-98CE-40F7-9223-1A2B08C94B61}.Release|Any CPU.Build.0 = Release|Any CPU
		{F6E0D689-FB70-45DF-9955-00BFD365388B}.Debug|Any CPU.ActiveCfg = Debug|Any CPU
		{F6E0D689-FB70-45DF-9955-00BFD365388B}.Debug|Any CPU.Build.0 = Debug|Any CPU
		{F6E0D689-FB70-45DF-9955-00BFD365388B}.Release|Any CPU.ActiveCfg = Release|Any CPU
		{F6E0D689-FB70-45DF-9955-00BFD365388B}.Release|Any CPU.Build.0 = Release|Any CPU
	EndGlobalSection
	GlobalSection(SolutionProperties) = preSolution
		HideSolutionNode = FALSE
	EndGlobalSection
	GlobalSection(ExtensibilityGlobals) = postSolution
		SolutionGuid = {40F77A45-279A-4CF3-A83C-A752BAA143C0}
	EndGlobalSection
EndGlobal
